
Microsoft Visual Studio Solution File, Format Version 12.00
# Visual Studio 14
VisualStudioVersion = 14.0.25123.0
MinimumVisualStudioVersion = 10.0.40219.1
Project("{FAE04EC0-301F-11D3-BF4B-00C04F79EFBC}") = "ProjectPro", "ProjectPro\ProjectPro.csproj", "{C8217511-D4DC-404F-AB85-E4637CB3A5B9}"
EndProject
Global
	GlobalSection(SolutionConfigurationPlatforms) = preSolution
		Debug|Any CPU = Debug|Any CPU
		Release|Any CPU = Release|Any CPU
	EndGlobalSection
	GlobalSection(ProjectConfigurationPlatforms) = postSolution
		{C8217511-D4DC-404F-AB85-E4637CB3A5B9}.Debug|Any CPU.ActiveCfg = Debug|Any CPU
		{C8217511-D4DC-404F-AB85-E4637CB3A5B9}.Debug|Any CPU.Build.0 = Debug|Any CPU
		{C8217511-D4DC-404F-AB85-E4637CB3A5B9}.Release|Any CPU.ActiveCfg = Release|Any CPU
		{C8217511-D4DC-404F-AB85-E4637CB3A5B9}.Release|Any CPU.Build.0 = Release|Any CPU
	EndGlobalSection
	GlobalSection(SolutionProperties) = preSolution
		HideSolutionNode = FALSE
	EndGlobalSection
EndGlobal
